
Microsoft Visual Studio Solution File, Format Version 12.00
# Visual Studio 15
VisualStudioVersion = 15.0.27130.2010
MinimumVisualStudioVersion = 10.0.40219.1
Project("{FAE04EC0-301F-11D3-BF4B-00C04F79EFBC}") = "ArcTouch.Core", "src\ArcTouch.Core\ArcTouch.Core.csproj", "{71C70C76-D25A-44EA-8F0C-B43BDC012C81}"
EndProject
Project("{FAE04EC0-301F-11D3-BF4B-00C04F79EFBC}") = "ArcTouch.UI", "src\ArcTouch.UI\ArcTouch.UI.csproj", "{166EE3C3-E477-46AF-9284-4CE806F87B8E}"
EndProject
Project("{FAE04EC0-301F-11D3-BF4B-00C04F79EFBC}") = "ArcTouch.Droid", "src\ArcTouch.Droid\ArcTouch.Droid.csproj", "{EDD574CC-EF3D-4A43-BCB9-CCAA26A22D56}"
EndProject
Project("{FAE04EC0-301F-11D3-BF4B-00C04F79EFBC}") = "ArcTouch.iOS", "src\ArcTouch.iOS\ArcTouch.iOS.csproj", "{22928304-0232-4F9D-B1BC-92E4E9B7E7AE}"
EndProject
Project("{2150E333-8FDC-42A3-9474-1A3956D46DE8}") = "!Solution Items", "!Solution Items", "{4A78CC9D-D49A-40FE-B906-90A37E431A35}"
	ProjectSection(SolutionItems) = preProject
		.editorconfig = .editorconfig
	EndProjectSection
EndProject
Project("{2150E333-8FDC-42A3-9474-1A3956D46DE8}") = "Platform", "Platform", "{935E59A1-7F1F-41DD-B778-454EACDEF38A}"
EndProject
Project("{2150E333-8FDC-42A3-9474-1A3956D46DE8}") = "Application", "Application", "{611D03B0-0FF2-49C1-8D7F-159A998A6110}"
EndProject
Project("{2150E333-8FDC-42A3-9474-1A3956D46DE8}") = "Test", "Test", "{CB49F8AE-CE2F-4639-A7B5-D1AE6F4244F2}"
EndProject
Project("{FAE04EC0-301F-11D3-BF4B-00C04F79EFBC}") = "ArcTouch.Test", "test\ArcTouch.Test\ArcTouch.Test.csproj", "{9D3E8DCD-CD78-4326-9265-41E5CA36CE9C}"
EndProject
Global
	GlobalSection(SolutionConfigurationPlatforms) = preSolution
		Debug|Any CPU = Debug|Any CPU
		Debug|ARM = Debug|ARM
		Debug|iPhone = Debug|iPhone
		Debug|iPhoneSimulator = Debug|iPhoneSimulator
		Debug|x64 = Debug|x64
		Debug|x86 = Debug|x86
		Release|Any CPU = Release|Any CPU
		Release|ARM = Release|ARM
		Release|iPhone = Release|iPhone
		Release|iPhoneSimulator = Release|iPhoneSimulator
		Release|x64 = Release|x64
		Release|x86 = Release|x86
	EndGlobalSection
	GlobalSection(ProjectConfigurationPlatforms) = postSolution
		{71C70C76-D25A-44EA-8F0C-B43BDC012C81}.Debug|Any CPU.ActiveCfg = Debug|Any CPU
		{71C70C76-D25A-44EA-8F0C-B43BDC012C81}.Debug|Any CPU.Build.0 = Debug|Any CPU
		{71C70C76-D25A-44EA-8F0C-B43BDC012C81}.Debug|ARM.ActiveCfg = Debug|Any CPU
		{71C70C76-D25A-44EA-8F0C-B43BDC012C81}.Debug|ARM.Build.0 = Debug|Any CPU
		{71C70C76-D25A-44EA-8F0C-B43BDC012C81}.Debug|iPhone.ActiveCfg = Debug|Any CPU
		{71C70C76-D25A-44EA-8F0C-B43BDC012C81}.Debug|iPhone.Build.0 = Debug|Any CPU
		{71C70C76-D25A-44EA-8F0C-B43BDC012C81}.Debug|iPhoneSimulator.ActiveCfg = Debug|Any CPU
		{71C70C76-D25A-44EA-8F0C-B43BDC012C81}.Debug|iPhoneSimulator.Build.0 = Debug|Any CPU
		{71C70C76-D25A-44EA-8F0C-B43BDC012C81}.Debug|x64.ActiveCfg = Debug|Any CPU
		{71C70C76-D25A-44EA-8F0C-B43BDC012C81}.Debug|x64.Build.0 = Debug|Any CPU
		{71C70C76-D25A-44EA-8F0C-B43BDC012C81}.Debug|x86.ActiveCfg = Debug|Any CPU
		{71C70C76-D25A-44EA-8F0C-B43BDC012C81}.Debug|x86.Build.0 = Debug|Any CPU
		{71C70C76-D25A-44EA-8F0C-B43BDC012C81}.Release|Any CPU.ActiveCfg = Release|Any CPU
		{71C70C76-D25A-44EA-8F0C-B43BDC012C81}.Release|Any CPU.Build.0 = Release|Any CPU
		{71C70C76-D25A-44EA-8F0C-B43BDC012C81}.Release|ARM.ActiveCfg = Release|Any CPU
		{71C70C76-D25A-44EA-8F0C-B43BDC012C81}.Release|ARM.Build.0 = Release|Any CPU
		{71C70C76-D25A-44EA-8F0C-B43BDC012C81}.Release|iPhone.ActiveCfg = Release|Any CPU
		{71C70C76-D25A-44EA-8F0C-B43BDC012C81}.Release|iPhone.Build.0 = Release|Any CPU
		{71C70C76-D25A-44EA-8F0C-B43BDC012C81}.Release|iPhoneSimulator.ActiveCfg = Release|Any CPU
		{71C70C76-D25A-44EA-8F0C-B43BDC012C81}.Release|iPhoneSimulator.Build.0 = Release|Any CPU
		{71C70C76-D25A-44EA-8F0C-B43BDC012C81}.Release|x64.ActiveCfg = Release|Any CPU
		{71C70C76-D25A-44EA-8F0C-B43BDC012C81}.Release|x64.Build.0 = Release|Any CPU
		{71C70C76-D25A-44EA-8F0C-B43BDC012C81}.Release|x86.ActiveCfg = Release|Any CPU
		{71C70C76-D25A-44EA-8F0C-B43BDC012C81}.Release|x86.Build.0 = Release|Any CPU
		{166EE3C3-E477-46AF-9284-4CE806F87B8E}.Debug|Any CPU.ActiveCfg = Debug|Any CPU
		{166EE3C3-E477-46AF-9284-4CE806F87B8E}.Debug|Any CPU.Build.0 = Debug|Any CPU
		{166EE3C3-E477-46AF-9284-4CE806F87B8E}.Debug|ARM.ActiveCfg = Debug|Any CPU
		{166EE3C3-E477-46AF-9284-4CE806F87B8E}.Debug|ARM.Build.0 = Debug|Any CPU
		{166EE3C3-E477-46AF-9284-4CE806F87B8E}.Debug|iPhone.ActiveCfg = Debug|Any CPU
		{166EE3C3-E477-46AF-9284-4CE806F87B8E}.Debug|iPhone.Build.0 = Debug|Any CPU
		{166EE3C3-E477-46AF-9284-4CE806F87B8E}.Debug|iPhoneSimulator.ActiveCfg = Debug|Any CPU
		{166EE3C3-E477-46AF-9284-4CE806F87B8E}.Debug|iPhoneSimulator.Build.0 = Debug|Any CPU
		{166EE3C3-E477-46AF-9284-4CE806F87B8E}.Debug|x64.ActiveCfg = Debug|Any CPU
		{166EE3C3-E477-46AF-9284-4CE806F87B8E}.Debug|x64.Build.0 = Debug|Any CPU
		{166EE3C3-E477-46AF-9284-4CE806F87B8E}.Debug|x86.ActiveCfg = Debug|Any CPU
		{166EE3C3-E477-46AF-9284-4CE806F87B8E}.Debug|x86.Build.0 = Debug|Any CPU
		{166EE3C3-E477-46AF-9284-4CE806F87B8E}.Release|Any CPU.ActiveCfg = Release|Any CPU
		{166EE3C3-E477-46AF-9284-4CE806F87B8E}.Release|Any CPU.Build.0 = Release|Any CPU
		{166EE3C3-E477-46AF-9284-4CE806F87B8E}.Release|ARM.ActiveCfg = Release|Any CPU
		{166EE3C3-E477-46AF-9284-4CE806F87B8E}.Release|ARM.Build.0 = Release|Any CPU
		{166EE3C3-E477-46AF-9284-4CE806F87B8E}.Release|iPhone.ActiveCfg = Release|Any CPU
		{166EE3C3-E477-46AF-9284-4CE806F87B8E}.Release|iPhone.Build.0 = Release|Any CPU
		{166EE3C3-E477-46AF-9284-4CE806F87B8E}.Release|iPhoneSimulator.ActiveCfg = Release|Any CPU
		{166EE3C3-E477-46AF-9284-4CE806F87B8E}.Release|iPhoneSimulator.Build.0 = Release|Any CPU
		{166EE3C3-E477-46AF-9284-4CE806F87B8E}.Release|x64.ActiveCfg = Release|Any CPU
		{166EE3C3-E477-46AF-9284-4CE806F87B8E}.Release|x64.Build.0 = Release|Any CPU
		{166EE3C3-E477-46AF-9284-4CE806F87B8E}.Release|x86.ActiveCfg = Release|Any CPU
		{166EE3C3-E477-46AF-9284-4CE806F87B8E}.Release|x86.Build.0 = Release|Any CPU
		{EDD574CC-EF3D-4A43-BCB9-CCAA26A22D56}.Debug|Any CPU.ActiveCfg = Debug|Any CPU
		{EDD574CC-EF3D-4A43-BCB9-CCAA26A22D56}.Debug|Any CPU.Build.0 = Debug|Any CPU
		{EDD574CC-EF3D-4A43-BCB9-CCAA26A22D56}.Debug|Any CPU.Deploy.0 = Debug|Any CPU
		{EDD574CC-EF3D-4A43-BCB9-CCAA26A22D56}.Debug|ARM.ActiveCfg = Debug|Any CPU
		{EDD574CC-EF3D-4A43-BCB9-CCAA26A22D56}.Debug|ARM.Build.0 = Debug|Any CPU
		{EDD574CC-EF3D-4A43-BCB9-CCAA26A22D56}.Debug|ARM.Deploy.0 = Debug|Any CPU
		{EDD574CC-EF3D-4A43-BCB9-CCAA26A22D56}.Debug|iPhone.ActiveCfg = Debug|Any CPU
		{EDD574CC-EF3D-4A43-BCB9-CCAA26A22D56}.Debug|iPhone.Build.0 = Debug|Any CPU
		{EDD574CC-EF3D-4A43-BCB9-CCAA26A22D56}.Debug|iPhone.Deploy.0 = Debug|Any CPU
		{EDD574CC-EF3D-4A43-BCB9-CCAA26A22D56}.Debug|iPhoneSimulator.ActiveCfg = Debug|Any CPU
		{EDD574CC-EF3D-4A43-BCB9-CCAA26A22D56}.Debug|iPhoneSimulator.Build.0 = Debug|Any CPU
		{EDD574CC-EF3D-4A43-BCB9-CCAA26A22D56}.Debug|iPhoneSimulator.Deploy.0 = Debug|Any CPU
		{EDD574CC-EF3D-4A43-BCB9-CCAA26A22D56}.Debug|x64.ActiveCfg = Debug|Any CPU
		{EDD574CC-EF3D-4A43-BCB9-CCAA26A22D56}.Debug|x64.Build.0 = Debug|Any CPU
		{EDD574CC-EF3D-4A43-BCB9-CCAA26A22D56}.Debug|x64.Deploy.0 = Debug|Any CPU
		{EDD574CC-EF3D-4A43-BCB9-CCAA26A22D56}.Debug|x86.ActiveCfg = Debug|Any CPU
		{EDD574CC-EF3D-4A43-BCB9-CCAA26A22D56}.Debug|x86.Build.0 = Debug|Any CPU
		{EDD574CC-EF3D-4A43-BCB9-CCAA26A22D56}.Debug|x86.Deploy.0 = Debug|Any CPU
		{EDD574CC-EF3D-4A43-BCB9-CCAA26A22D56}.Release|Any CPU.ActiveCfg = Release|Any CPU
		{EDD574CC-EF3D-4A43-BCB9-CCAA26A22D56}.Release|Any CPU.Build.0 = Release|Any CPU
		{EDD574CC-EF3D-4A43-BCB9-CCAA26A22D56}.Release|Any CPU.Deploy.0 = Release|Any CPU
		{EDD574CC-EF3D-4A43-BCB9-CCAA26A22D56}.Release|ARM.ActiveCfg = Release|Any CPU
		{EDD574CC-EF3D-4A43-BCB9-CCAA26A22D56}.Release|ARM.Build.0 = Release|Any CPU
		{EDD574CC-EF3D-4A43-BCB9-CCAA26A22D56}.Release|ARM.Deploy.0 = Release|Any CPU
		{EDD574CC-EF3D-4A43-BCB9-CCAA26A22D56}.Release|iPhone.ActiveCfg = Release|Any CPU
		{EDD574CC-EF3D-4A43-BCB9-CCAA26A22D56}.Release|iPhone.Build.0 = Release|Any CPU
		{EDD574CC-EF3D-4A43-BCB9-CCAA26A22D56}.Release|iPhone.Deploy.0 = Release|Any CPU
		{EDD574CC-EF3D-4A43-BCB9-CCAA26A22D56}.Release|iPhoneSimulator.ActiveCfg = Release|Any CPU
		{EDD574CC-EF3D-4A43-BCB9-CCAA26A22D56}.Release|iPhoneSimulator.Build.0 = Release|Any CPU
		{EDD574CC-EF3D-4A43-BCB9-CCAA26A22D56}.Release|iPhoneSimulator.Deploy.0 = Release|Any CPU
		{EDD574CC-EF3D-4A43-BCB9-CCAA26A22D56}.Release|x64.ActiveCfg = Release|Any CPU
		{EDD574CC-EF3D-4A43-BCB9-CCAA26A22D56}.Release|x64.Build.0 = Release|Any CPU
		{EDD574CC-EF3D-4A43-BCB9-CCAA26A22D56}.Release|x64.Deploy.0 = Release|Any CPU
		{EDD574CC-EF3D-4A43-BCB9-CCAA26A22D56}.Release|x86.ActiveCfg = Release|Any CPU
		{EDD574CC-EF3D-4A43-BCB9-CCAA26A22D56}.Release|x86.Build.0 = Release|Any CPU
		{EDD574CC-EF3D-4A43-BCB9-CCAA26A22D56}.Release|x86.Deploy.0 = Release|Any CPU
		{22928304-0232-4F9D-B1BC-92E4E9B7E7AE}.Debug|Any CPU.ActiveCfg = Debug|iPhone
		{22928304-0232-4F9D-B1BC-92E4E9B7E7AE}.Debug|Any CPU.Build.0 = Debug|iPhone
		{22928304-0232-4F9D-B1BC-92E4E9B7E7AE}.Debug|ARM.ActiveCfg = Debug|iPhone
		{22928304-0232-4F9D-B1BC-92E4E9B7E7AE}.Debug|iPhone.ActiveCfg = Debug|iPhone
		{22928304-0232-4F9D-B1BC-92E4E9B7E7AE}.Debug|iPhone.Build.0 = Debug|iPhone
		{22928304-0232-4F9D-B1BC-92E4E9B7E7AE}.Debug|iPhone.Deploy.0 = Debug|iPhone
		{22928304-0232-4F9D-B1BC-92E4E9B7E7AE}.Debug|iPhoneSimulator.ActiveCfg = Debug|iPhoneSimulator
		{22928304-0232-4F9D-B1BC-92E4E9B7E7AE}.Debug|iPhoneSimulator.Build.0 = Debug|iPhoneSimulator
		{22928304-0232-4F9D-B1BC-92E4E9B7E7AE}.Debug|iPhoneSimulator.Deploy.0 = Debug|iPhoneSimulator
		{22928304-0232-4F9D-B1BC-92E4E9B7E7AE}.Debug|x64.ActiveCfg = Debug|iPhone
		{22928304-0232-4F9D-B1BC-92E4E9B7E7AE}.Debug|x86.ActiveCfg = Debug|iPhone
		{22928304-0232-4F9D-B1BC-92E4E9B7E7AE}.Release|Any CPU.ActiveCfg = Release|iPhone
		{22928304-0232-4F9D-B1BC-92E4E9B7E7AE}.Release|ARM.ActiveCfg = Release|iPhone
		{22928304-0232-4F9D-B1BC-92E4E9B7E7AE}.Release|iPhone.ActiveCfg = Release|iPhone
		{22928304-0232-4F9D-B1BC-92E4E9B7E7AE}.Release|iPhone.Build.0 = Release|iPhone
		{22928304-0232-4F9D-B1BC-92E4E9B7E7AE}.Release|iPhone.Deploy.0 = Release|iPhone
		{22928304-0232-4F9D-B1BC-92E4E9B7E7AE}.Release|iPhoneSimulator.ActiveCfg = Release|iPhoneSimulator
		{22928304-0232-4F9D-B1BC-92E4E9B7E7AE}.Release|iPhoneSimulator.Build.0 = Release|iPhoneSimulator
		{22928304-0232-4F9D-B1BC-92E4E9B7E7AE}.Release|iPhoneSimulator.Deploy.0 = Release|iPhoneSimulator
		{22928304-0232-4F9D-B1BC-92E4E9B7E7AE}.Release|x64.ActiveCfg = Release|iPhone
		{22928304-0232-4F9D-B1BC-92E4E9B7E7AE}.Release|x86.ActiveCfg = Release|iPhone
		{9D3E8DCD-CD78-4326-9265-41E5CA36CE9C}.Debug|Any CPU.ActiveCfg = Debug|Any CPU
		{9D3E8DCD-CD78-4326-9265-41E5CA36CE9C}.Debug|Any CPU.Build.0 = Debug|Any CPU
		{9D3E8DCD-CD78-4326-9265-41E5CA36CE9C}.Debug|ARM.ActiveCfg = Debug|Any CPU
		{9D3E8DCD-CD78-4326-9265-41E5CA36CE9C}.Debug|ARM.Build.0 = Debug|Any CPU
		{9D3E8DCD-CD78-4326-9265-41E5CA36CE9C}.Debug|iPhone.ActiveCfg = Debug|Any CPU
		{9D3E8DCD-CD78-4326-9265-41E5CA36CE9C}.Debug|iPhone.Build.0 = Debug|Any CPU
		{9D3E8DCD-CD78-4326-9265-41E5CA36CE9C}.Debug|iPhoneSimulator.ActiveCfg = Debug|Any CPU
		{9D3E8DCD-CD78-4326-9265-41E5CA36CE9C}.Debug|iPhoneSimulator.Build.0 = Debug|Any CPU
		{9D3E8DCD-CD78-4326-9265-41E5CA36CE9C}.Debug|x64.ActiveCfg = Debug|Any CPU
		{9D3E8DCD-CD78-4326-9265-41E5CA36CE9C}.Debug|x64.Build.0 = Debug|Any CPU
		{9D3E8DCD-CD78-4326-9265-41E5CA36CE9C}.Debug|x86.ActiveCfg = Debug|Any CPU
		{9D3E8DCD-CD78-4326-9265-41E5CA36CE9C}.Debug|x86.Build.0 = Debug|Any CPU
		{9D3E8DCD-CD78-4326-9265-41E5CA36CE9C}.Release|Any CPU.ActiveCfg = Release|Any CPU
		{9D3E8DCD-CD78-4326-9265-41E5CA36CE9C}.Release|Any CPU.Build.0 = Release|Any CPU
		{9D3E8DCD-CD78-4326-9265-41E5CA36CE9C}.Release|ARM.ActiveCfg = Release|Any CPU
		{9D3E8DCD-CD78-4326-9265-41E5CA36CE9C}.Release|ARM.Build.0 = Release|Any CPU
		{9D3E8DCD-CD78-4326-9265-41E5CA36CE9C}.Release|iPhone.ActiveCfg = Release|Any CPU
		{9D3E8DCD-CD78-4326-9265-41E5CA36CE9C}.Release|iPhone.Build.0 = Release|Any CPU
		{9D3E8DCD-CD78-4326-9265-41E5CA36CE9C}.Release|iPhoneSimulator.ActiveCfg = Release|Any CPU
		{9D3E8DCD-CD78-4326-9265-41E5CA36CE9C}.Release|iPhoneSimulator.Build.0 = Release|Any CPU
		{9D3E8DCD-CD78-4326-9265-41E5CA36CE9C}.Release|x64.ActiveCfg = Release|Any CPU
		{9D3E8DCD-CD78-4326-9265-41E5CA36CE9C}.Release|x64.Build.0 = Release|Any CPU
		{9D3E8DCD-CD78-4326-9265-41E5CA36CE9C}.Release|x86.ActiveCfg = Release|Any CPU
		{9D3E8DCD-CD78-4326-9265-41E5CA36CE9C}.Release|x86.Build.0 = Release|Any CPU
	EndGlobalSection
	GlobalSection(SolutionProperties) = preSolution
		HideSolutionNode = FALSE
	EndGlobalSection
	GlobalSection(ExtensibilityGlobals) = postSolution
		SolutionGuid = {C759ADE9-E24A-49A0-8017-76A9F12DA515}
	EndGlobalSection
	GlobalSection(NestedProjects) = preSolution
		{EDD574CC-EF3D-4A43-BCB9-CCAA26A22D56} = {935E59A1-7F1F-41DD-B778-454EACDEF38A}
		{22928304-0232-4F9D-B1BC-92E4E9B7E7AE} = {935E59A1-7F1F-41DD-B778-454EACDEF38A}
		{71C70C76-D25A-44EA-8F0C-B43BDC012C81} = {611D03B0-0FF2-49C1-8D7F-159A998A6110}
		{166EE3C3-E477-46AF-9284-4CE806F87B8E} = {611D03B0-0FF2-49C1-8D7F-159A998A6110}
		{9D3E8DCD-CD78-4326-9265-41E5CA36CE9C} = {CB49F8AE-CE2F-4639-A7B5-D1AE6F4244F2}
	EndGlobalSection
EndGlobal
